
Microsoft Visual Studio Solution File, Format Version 12.00
# Visual Studio 14
VisualStudioVersion = 14.0.25123.0
MinimumVisualStudioVersion = 10.0.40219.1
Project("{FAE04EC0-301F-11D3-BF4B-00C04F79EFBC}") = "AssetTrackingApp", "AssetTrackingApp\AssetTrackingApp.csproj", "{B28D5310-89E5-4E91-A9E9-C57916DFF838}"
EndProject
Global
	GlobalSection(SolutionConfigurationPlatforms) = preSolution
		Debug|Any CPU = Debug|Any CPU
		Release|Any CPU = Release|Any CPU
	EndGlobalSection
	GlobalSection(ProjectConfigurationPlatforms) = postSolution
		{B28D5310-89E5-4E91-A9E9-C57916DFF838}.Debug|Any CPU.ActiveCfg = Debug|Any CPU
		{B28D5310-89E5-4E91-A9E9-C57916DFF838}.Debug|Any CPU.Build.0 = Debug|Any CPU
		{B28D5310-89E5-4E91-A9E9-C57916DFF838}.Release|Any CPU.ActiveCfg = Release|Any CPU
		{B28D5310-89E5-4E91-A9E9-C57916DFF838}.Release|Any CPU.Build.0 = Release|Any CPU
	EndGlobalSection
	GlobalSection(SolutionProperties) = preSolution
		HideSolutionNode = FALSE
	EndGlobalSection
EndGlobal
